
Microsoft Visual Studio Solution File, Format Version 12.00
# Visual Studio Version 16
VisualStudioVersion = 16.0.30907.101
MinimumVisualStudioVersion = 10.0.40219.1
Project("{FAE04EC0-301F-11D3-BF4B-00C04F79EFBC}") = "DutchTreat", "DutchTreat.csproj", "{C3C462BE-2956-40DA-8EE1-DA0A427FB3DE}"
EndProject
Global
	GlobalSection(SolutionConfigurationPlatforms) = preSolution
		Debug|Any CPU = Debug|Any CPU
		Release|Any CPU = Release|Any CPU
	EndGlobalSection
	GlobalSection(ProjectConfigurationPlatforms) = postSolution
		{C3C462BE-2956-40DA-8EE1-DA0A427FB3DE}.Debug|Any CPU.ActiveCfg = Debug|Any CPU
		{C3C462BE-2956-40DA-8EE1-DA0A427FB3DE}.Debug|Any CPU.Build.0 = Debug|Any CPU
		{C3C462BE-2956-40DA-8EE1-DA0A427FB3DE}.Release|Any CPU.ActiveCfg = Release|Any CPU
		{C3C462BE-2956-40DA-8EE1-DA0A427FB3DE}.Release|Any CPU.Build.0 = Release|Any CPU
	EndGlobalSection
	GlobalSection(SolutionProperties) = preSolution
		HideSolutionNode = FALSE
	EndGlobalSection
	GlobalSection(ExtensibilityGlobals) = postSolution
		SolutionGuid = {92CD5B9B-B31B-4835-B842-F3860233746B}
	EndGlobalSection
EndGlobal
