
Microsoft Visual Studio Solution File, Format Version 12.00
# Visual Studio Version 16
VisualStudioVersion = 16.0.30804.86
MinimumVisualStudioVersion = 10.0.40219.1
Project("{FAE04EC0-301F-11D3-BF4B-00C04F79EFBC}") = "DutchTreat", "DutchTreat.csproj", "{9982F986-E279-4F54-811E-234E284C9373}"
EndProject
Global
	GlobalSection(SolutionConfigurationPlatforms) = preSolution
		Debug|Any CPU = Debug|Any CPU
		Release|Any CPU = Release|Any CPU
	EndGlobalSection
	GlobalSection(ProjectConfigurationPlatforms) = postSolution
		{9982F986-E279-4F54-811E-234E284C9373}.Debug|Any CPU.ActiveCfg = Debug|Any CPU
		{9982F986-E279-4F54-811E-234E284C9373}.Debug|Any CPU.Build.0 = Debug|Any CPU
		{9982F986-E279-4F54-811E-234E284C9373}.Release|Any CPU.ActiveCfg = Release|Any CPU
		{9982F986-E279-4F54-811E-234E284C9373}.Release|Any CPU.Build.0 = Release|Any CPU
	EndGlobalSection
	GlobalSection(SolutionProperties) = preSolution
		HideSolutionNode = FALSE
	EndGlobalSection
	GlobalSection(ExtensibilityGlobals) = postSolution
		SolutionGuid = {EDEB04C2-449E-4512-ABC3-A63F1C3BE544}
	EndGlobalSection
EndGlobal
